// !$*UTF8*$!
{
	archiveVersion = 1;
	classes = {
	};
	objectVersion = 77;
	objects = {

/* Begin PBXBuildFile section */
		1E4388752EB176C400C41E81 /* SwiftSoup in Frameworks */ = {isa = PBXBuildFile; productRef = 1E4388742EB176C400C41E81 /* SwiftSoup */; };
		1E4388782EB2BE0D00C41E81 /* SVGKit in Frameworks */ = {isa = PBXBuildFile; productRef = 1E4388772EB2BE0D00C41E81 /* SVGKit */; };
		1E43887A2EB2BE0D00C41E81 /* SVGKitSwift in Frameworks */ = {isa = PBXBuildFile; productRef = 1E4388792EB2BE0D00C41E81 /* SVGKitSwift */; };
/* End PBXBuildFile section */

/* Begin PBXContainerItemProxy section */
		1E462AE02EA6C4950034EF78 /* PBXContainerItemProxy */ = {
			isa = PBXContainerItemProxy;
			containerPortal = 1E462ACA2EA6C4930034EF78 /* Project object */;
			proxyType = 1;
			remoteGlobalIDString = 1E462AD12EA6C4930034EF78;
			remoteInfo = WRKD;
		};
		1E462AEA2EA6C4950034EF78 /* PBXContainerItemProxy */ = {
			isa = PBXContainerItemProxy;
			containerPortal = 1E462ACA2EA6C4930034EF78 /* Project object */;
			proxyType = 1;
			remoteGlobalIDString = 1E462AD12EA6C4930034EF78;
			remoteInfo = WRKD;
		};
/* End PBXContainerItemProxy section */

/* Begin PBXFileReference section */
		1E462AD22EA6C4930034EF78 /* WRKD.app */ = {isa = PBXFileReference; explicitFileType = wrapper.application; includeInIndex = 0; path = WRKD.app; sourceTree = BUILT_PRODUCTS_DIR; };
		1E462ADF2EA6C4950034EF78 /* WRKDTests.xctest */ = {isa = PBXFileReference; explicitFileType = wrapper.cfbundle; includeInIndex = 0; path = WRKDTests.xctest; sourceTree = BUILT_PRODUCTS_DIR; };
		1E462AE92EA6C4950034EF78 /* WRKDUITests.xctest */ = {isa = PBXFileReference; explicitFileType = wrapper.cfbundle; includeInIndex = 0; path = WRKDUITests.xctest; sourceTree = BUILT_PRODUCTS_DIR; };
/* End PBXFileReference section */

/* Begin PBXFileSystemSynchronizedBuildFileExceptionSet section */
		1E462B102EA6D85D0034EF78 /* Exceptions for "WRKD" folder in "WRKDTests" target */ = {
			isa = PBXFileSystemSynchronizedBuildFileExceptionSet;
			membershipExceptions = (
				"Assets/RushDriver-Italic.otf",
			);
			target = 1E462ADE2EA6C4950034EF78 /* WRKDTests */;
		};
		1E462B112EA6D85D0034EF78 /* Exceptions for "WRKD" folder in "WRKDUITests" target */ = {
			isa = PBXFileSystemSynchronizedBuildFileExceptionSet;
			membershipExceptions = (
				"Assets/RushDriver-Italic.otf",
			);
			target = 1E462AE82EA6C4950034EF78 /* WRKDUITests */;
		};
		1E462B152EA6D8D70034EF78 /* Exceptions for "WRKD" folder in "WRKD" target */ = {
			isa = PBXFileSystemSynchronizedBuildFileExceptionSet;
			membershipExceptions = (
				Info.plist,
			);
			target = 1E462AD12EA6C4930034EF78 /* WRKD */;
		};
/* End PBXFileSystemSynchronizedBuildFileExceptionSet section */

/* Begin PBXFileSystemSynchronizedRootGroup section */
		1E462AD42EA6C4930034EF78 /* WRKD */ = {
			isa = PBXFileSystemSynchronizedRootGroup;
			exceptions = (
				1E462B152EA6D8D70034EF78 /* Exceptions for "WRKD" folder in "WRKD" target */,
				1E462B102EA6D85D0034EF78 /* Exceptions for "WRKD" folder in "WRKDTests" target */,
				1E462B112EA6D85D0034EF78 /* Exceptions for "WRKD" folder in "WRKDUITests" target */,
			);
			path = WRKD;
			sourceTree = "<group>";
		};
/* End PBXFileSystemSynchronizedRootGroup section */

/* Begin PBXFrameworksBuildPhase section */
		1E462ACF2EA6C4930034EF78 /* Frameworks */ = {
			isa = PBXFrameworksBuildPhase;
			buildActionMask = 2147483647;
			files = (
				1E43887A2EB2BE0D00C41E81 /* SVGKitSwift in Frameworks */,
				1E4388782EB2BE0D00C41E81 /* SVGKit in Frameworks */,
				1E4388752EB176C400C41E81 /* SwiftSoup in Frameworks */,
			);
			runOnlyForDeploymentPostprocessing = 0;
		};
		1E462ADC2EA6C4950034EF78 /* Frameworks */ = {
			isa = PBXFrameworksBuildPhase;
			buildActionMask = 2147483647;
			files = (
			);
			runOnlyForDeploymentPostprocessing = 0;
		};
		1E462AE62EA6C4950034EF78 /* Frameworks */ = {
			isa = PBXFrameworksBuildPhase;
			buildActionMask = 2147483647;
			files = (
			);
			runOnlyForDeploymentPostprocessing = 0;
		};
/* End PBXFrameworksBuildPhase section */

/* Begin PBXGroup section */
		1E462AC92EA6C4930034EF78 = {
			isa = PBXGroup;
			children = (
				1E462AD42EA6C4930034EF78 /* WRKD */,
				1E462AD32EA6C4930034EF78 /* Products */,
			);
			sourceTree = "<group>";
		};
		1E462AD32EA6C4930034EF78 /* Products */ = {
			isa = PBXGroup;
			children = (
				1E462AD22EA6C4930034EF78 /* WRKD.app */,
				1E462ADF2EA6C4950034EF78 /* WRKDTests.xctest */,
				1E462AE92EA6C4950034EF78 /* WRKDUITests.xctest */,
			);
			name = Products;
			sourceTree = "<group>";
		};
/* End PBXGroup section */

/* Begin PBXNativeTarget section */
		1E462AD12EA6C4930034EF78 /* WRKD */ = {
			isa = PBXNativeTarget;
			buildConfigurationList = 1E462AF32EA6C4950034EF78 /* Build configuration list for PBXNativeTarget "WRKD" */;
			buildPhases = (
				1E462ACE2EA6C4930034EF78 /* Sources */,
				1E462ACF2EA6C4930034EF78 /* Frameworks */,
				1E462AD02EA6C4930034EF78 /* Resources */,
			);
			buildRules = (
			);
			dependencies = (
			);
			fileSystemSynchronizedGroups = (
				1E462AD42EA6C4930034EF78 /* WRKD */,
			);
			name = WRKD;
			packageProductDependencies = (
				1E4388742EB176C400C41E81 /* SwiftSoup */,
				1E4388772EB2BE0D00C41E81 /* SVGKit */,
				1E4388792EB2BE0D00C41E81 /* SVGKitSwift */,
			);
			productName = WRKD;
			productReference = 1E462AD22EA6C4930034EF78 /* WRKD.app */;
			productType = "com.apple.product-type.application";
		};
		1E462ADE2EA6C4950034EF78 /* WRKDTests */ = {
			isa = PBXNativeTarget;
			buildConfigurationList = 1E462AF62EA6C4950034EF78 /* Build configuration list for PBXNativeTarget "WRKDTests" */;
			buildPhases = (
				1E462ADB2EA6C4950034EF78 /* Sources */,
				1E462ADC2EA6C4950034EF78 /* Frameworks */,
				1E462ADD2EA6C4950034EF78 /* Resources */,
			);
			buildRules = (
			);
			dependencies = (
				1E462AE12EA6C4950034EF78 /* PBXTargetDependency */,
			);
			name = WRKDTests;
			packageProductDependencies = (
			);
			productName = WRKDTests;
			productReference = 1E462ADF2EA6C4950034EF78 /* WRKDTests.xctest */;
			productType = "com.apple.product-type.bundle.unit-test";
		};
		1E462AE82EA6C4950034EF78 /* WRKDUITests */ = {
			isa = PBXNativeTarget;
			buildConfigurationList = 1E462AF92EA6C4950034EF78 /* Build configuration list for PBXNativeTarget "WRKDUITests" */;
			buildPhases = (
				1E462AE52EA6C4950034EF78 /* Sources */,
				1E462AE62EA6C4950034EF78 /* Frameworks */,
				1E462AE72EA6C4950034EF78 /* Resources */,
			);
			buildRules = (
			);
			dependencies = (
				1E462AEB2EA6C4950034EF78 /* PBXTargetDependency */,
			);
			name = WRKDUITests;
			packageProductDependencies = (
			);
			productName = WRKDUITests;
			productReference = 1E462AE92EA6C4950034EF78 /* WRKDUITests.xctest */;
			productType = "com.apple.product-type.bundle.ui-testing";
		};
/* End PBXNativeTarget section */

/* Begin PBXProject section */
		1E462ACA2EA6C4930034EF78 /* Project object */ = {
			isa = PBXProject;
			attributes = {
				BuildIndependentTargetsInParallel = 1;
				LastSwiftUpdateCheck = 2600;
				LastUpgradeCheck = 2600;
				TargetAttributes = {
					1E462AD12EA6C4930034EF78 = {
						CreatedOnToolsVersion = 26.0.1;
					};
					1E462ADE2EA6C4950034EF78 = {
						CreatedOnToolsVersion = 26.0.1;
						TestTargetID = 1E462AD12EA6C4930034EF78;
					};
					1E462AE82EA6C4950034EF78 = {
						CreatedOnToolsVersion = 26.0.1;
						TestTargetID = 1E462AD12EA6C4930034EF78;
					};
				};
			};
			buildConfigurationList = 1E462ACD2EA6C4930034EF78 /* Build configuration list for PBXProject "WRKD" */;
			developmentRegion = en;
			hasScannedForEncodings = 0;
			knownRegions = (
				en,
				Base,
			);
			mainGroup = 1E462AC92EA6C4930034EF78;
			minimizedProjectReferenceProxies = 1;
			packageReferences = (
				1E4388732EB176C400C41E81 /* XCRemoteSwiftPackageReference "SwiftSoup" */,
				1E4388762EB2BE0D00C41E81 /* XCRemoteSwiftPackageReference "SVGKit" */,
			);
			preferredProjectObjectVersion = 77;
			productRefGroup = 1E462AD32EA6C4930034EF78 /* Products */;
			projectDirPath = "";
			projectRoot = "";
			targets = (
				1E462AD12EA6C4930034EF78 /* WRKD */,
				1E462ADE2EA6C4950034EF78 /* WRKDTests */,
				1E462AE82EA6C4950034EF78 /* WRKDUITests */,
			);
		};
/* End PBXProject section */

/* Begin PBXResourcesBuildPhase section */
		1E462AD02EA6C4930034EF78 /* Resources */ = {
			isa = PBXResourcesBuildPhase;
			buildActionMask = 2147483647;
			files = (
			);
			runOnlyForDeploymentPostprocessing = 0;
		};
		1E462ADD2EA6C4950034EF78 /* Resources */ = {
			isa = PBXResourcesBuildPhase;
			buildActionMask = 2147483647;
			files = (
			);
			runOnlyForDeploymentPostprocessing = 0;
		};
		1E462AE72EA6C4950034EF78 /* Resources */ = {
			isa = PBXResourcesBuildPhase;
			buildActionMask = 2147483647;
			files = (
			);
			runOnlyForDeploymentPostprocessing = 0;
		};
/* End PBXResourcesBuildPhase section */

/* Begin PBXSourcesBuildPhase section */
		1E462ACE2EA6C4930034EF78 /* Sources */ = {
			isa = PBXSourcesBuildPhase;
			buildActionMask = 2147483647;
			files = (
			);
			runOnlyForDeploymentPostprocessing = 0;
		};
		1E462ADB2EA6C4950034EF78 /* Sources */ = {
			isa = PBXSourcesBuildPhase;
			buildActionMask = 2147483647;
			files = (
			);
			runOnlyForDeploymentPostprocessing = 0;
		};
		1E462AE52EA6C4950034EF78 /* Sources */ = {
			isa = PBXSourcesBuildPhase;
			buildActionMask = 2147483647;
			files = (
			);
			runOnlyForDeploymentPostprocessing = 0;
		};
/* End PBXSourcesBuildPhase section */

/* Begin PBXTargetDependency section */
		1E462AE12EA6C4950034EF78 /* PBXTargetDependency */ = {
			isa = PBXTargetDependency;
			target = 1E462AD12EA6C4930034EF78 /* WRKD */;
			targetProxy = 1E462AE02EA6C4950034EF78 /* PBXContainerItemProxy */;
		};
		1E462AEB2EA6C4950034EF78 /* PBXTargetDependency */ = {
			isa = PBXTargetDependency;
			target = 1E462AD12EA6C4930034EF78 /* WRKD */;
			targetProxy = 1E462AEA2EA6C4950034EF78 /* PBXContainerItemProxy */;
		};
/* End PBXTargetDependency section */

/* Begin XCBuildConfiguration section */
		1E462AF12EA6C4950034EF78 /* Debug */ = {
			isa = XCBuildConfiguration;
			buildSettings = {
				ALWAYS_SEARCH_USER_PATHS = NO;
				ASSETCATALOG_COMPILER_GENERATE_SWIFT_ASSET_SYMBOL_EXTENSIONS = YES;
				CLANG_ANALYZER_NONNULL = YES;
				CLANG_ANALYZER_NUMBER_OBJECT_CONVERSION = YES_AGGRESSIVE;
				CLANG_CXX_LANGUAGE_STANDARD = "gnu++20";
				CLANG_ENABLE_MODULES = YES;
				CLANG_ENABLE_OBJC_ARC = YES;
				CLANG_ENABLE_OBJC_WEAK = YES;
				CLANG_WARN_BLOCK_CAPTURE_AUTORELEASING = YES;
				CLANG_WARN_BOOL_CONVERSION = YES;
				CLANG_WARN_COMMA = YES;
				CLANG_WARN_CONSTANT_CONVERSION = YES;
				CLANG_WARN_DEPRECATED_OBJC_IMPLEMENTATIONS = YES;
				CLANG_WARN_DIRECT_OBJC_ISA_USAGE = YES_ERROR;
				CLANG_WARN_DOCUMENTATION_COMMENTS = YES;
				CLANG_WARN_EMPTY_BODY = YES;
				CLANG_WARN_ENUM_CONVERSION = YES;
				CLANG_WARN_INFINITE_RECURSION = YES;
				CLANG_WARN_INT_CONVERSION = YES;
				CLANG_WARN_NON_LITERAL_NULL_CONVERSION = YES;
				CLANG_WARN_OBJC_IMPLICIT_RETAIN_SELF = YES;
				CLANG_WARN_OBJC_LITERAL_CONVERSION = YES;
				CLANG_WARN_OBJC_ROOT_CLASS = YES_ERROR;
				CLANG_WARN_QUOTED_INCLUDE_IN_FRAMEWORK_HEADER = YES;
				CLANG_WARN_RANGE_LOOP_ANALYSIS = YES;
				CLANG_WARN_STRICT_PROTOTYPES = YES;
				CLANG_WARN_SUSPICIOUS_MOVE = YES;
				CLANG_WARN_UNGUARDED_AVAILABILITY = YES_AGGRESSIVE;
				CLANG_WARN_UNREACHABLE_CODE = YES;
				CLANG_WARN__DUPLICATE_METHOD_MATCH = YES;
				COPY_PHASE_STRIP = NO;
				DEBUG_INFORMATION_FORMAT = dwarf;
				DEVELOPMENT_TEAM = 22PRLCDTWD;
				ENABLE_STRICT_OBJC_MSGSEND = YES;
				ENABLE_TESTABILITY = YES;
				ENABLE_USER_SCRIPT_SANDBOXING = YES;
				GCC_C_LANGUAGE_STANDARD = gnu17;
				GCC_DYNAMIC_NO_PIC = NO;
				GCC_NO_COMMON_BLOCKS = YES;
				GCC_OPTIMIZATION_LEVEL = 0;
				GCC_PREPROCESSOR_DEFINITIONS = (
					"DEBUG=1",
					"$(inherited)",
				);
				GCC_WARN_64_TO_32_BIT_CONVERSION = YES;
				GCC_WARN_ABOUT_RETURN_TYPE = YES_ERROR;
				GCC_WARN_UNDECLARED_SELECTOR = YES;
				GCC_WARN_UNINITIALIZED_AUTOS = YES_AGGRESSIVE;
				GCC_WARN_UNUSED_FUNCTION = YES;
				GCC_WARN_UNUSED_VARIABLE = YES;
				IPHONEOS_DEPLOYMENT_TARGET = 26.0;
				LOCALIZATION_PREFERS_STRING_CATALOGS = YES;
				MTL_ENABLE_DEBUG_INFO = INCLUDE_SOURCE;
				MTL_FAST_MATH = YES;
				ONLY_ACTIVE_ARCH = YES;
				SDKROOT = iphoneos;
				SWIFT_ACTIVE_COMPILATION_CONDITIONS = "DEBUG $(inherited)";
				SWIFT_OPTIMIZATION_LEVEL = "-Onone";
			};
			name = Debug;
		};
		1E462AF22EA6C4950034EF78 /* Release */ = {
			isa = XCBuildConfiguration;
			buildSettings = {
				ALWAYS_SEARCH_USER_PATHS = NO;
				ASSETCATALOG_COMPILER_GENERATE_SWIFT_ASSET_SYMBOL_EXTENSIONS = YES;
				CLANG_ANALYZER_NONNULL = YES;
				CLANG_ANALYZER_NUMBER_OBJECT_CONVERSION = YES_AGGRESSIVE;
				CLANG_CXX_LANGUAGE_STANDARD = "gnu++20";
				CLANG_ENABLE_MODULES = YES;
				CLANG_ENABLE_OBJC_ARC = YES;
				CLANG_ENABLE_OBJC_WEAK = YES;
				CLANG_WARN_BLOCK_CAPTURE_AUTORELEASING = YES;
				CLANG_WARN_BOOL_CONVERSION = YES;
				CLANG_WARN_COMMA = YES;
				CLANG_WARN_CONSTANT_CONVERSION = YES;
				CLANG_WARN_DEPRECATED_OBJC_IMPLEMENTATIONS = YES;
				CLANG_WARN_DIRECT_OBJC_ISA_USAGE = YES_ERROR;
				CLANG_WARN_DOCUMENTATION_COMMENTS = YES;
				CLANG_WARN_EMPTY_BODY = YES;
				CLANG_WARN_ENUM_CONVERSION = YES;
				CLANG_WARN_INFINITE_RECURSION = YES;
				CLANG_WARN_INT_CONVERSION = YES;
				CLANG_WARN_NON_LITERAL_NULL_CONVERSION = YES;
				CLANG_WARN_OBJC_IMPLICIT_RETAIN_SELF = YES;
				CLANG_WARN_OBJC_LITERAL_CONVERSION = YES;
				CLANG_WARN_OBJC_ROOT_CLASS = YES_ERROR;
				CLANG_WARN_QUOTED_INCLUDE_IN_FRAMEWORK_HEADER = YES;
				CLANG_WARN_RANGE_LOOP_ANALYSIS = YES;
				CLANG_WARN_STRICT_PROTOTYPES = YES;
				CLANG_WARN_SUSPICIOUS_MOVE = YES;
				CLANG_WARN_UNGUARDED_AVAILABILITY = YES_AGGRESSIVE;
				CLANG_WARN_UNREACHABLE_CODE = YES;
				CLANG_WARN__DUPLICATE_METHOD_MATCH = YES;
				COPY_PHASE_STRIP = NO;
				DEBUG_INFORMATION_FORMAT = "dwarf-with-dsym";
				DEVELOPMENT_TEAM = 22PRLCDTWD;
				ENABLE_NS_ASSERTIONS = NO;
				ENABLE_STRICT_OBJC_MSGSEND = YES;
				ENABLE_USER_SCRIPT_SANDBOXING = YES;
				GCC_C_LANGUAGE_STANDARD = gnu17;
				GCC_NO_COMMON_BLOCKS = YES;
				GCC_WARN_64_TO_32_BIT_CONVERSION = YES;
				GCC_WARN_ABOUT_RETURN_TYPE = YES_ERROR;
				GCC_WARN_UNDECLARED_SELECTOR = YES;
				GCC_WARN_UNINITIALIZED_AUTOS = YES_AGGRESSIVE;
				GCC_WARN_UNUSED_FUNCTION = YES;
				GCC_WARN_UNUSED_VARIABLE = YES;
				IPHONEOS_DEPLOYMENT_TARGET = 26.0;
				LOCALIZATION_PREFERS_STRING_CATALOGS = YES;
				MTL_ENABLE_DEBUG_INFO = NO;
				MTL_FAST_MATH = YES;
				SDKROOT = iphoneos;
				SWIFT_COMPILATION_MODE = wholemodule;
				VALIDATE_PRODUCT = YES;
			};
			name = Release;
		};
		1E462AF42EA6C4950034EF78 /* Debug */ = {
			isa = XCBuildConfiguration;
			buildSettings = {
				ASSETCATALOG_COMPILER_APPICON_NAME = AppIcon;
				ASSETCATALOG_COMPILER_GLOBAL_ACCENT_COLOR_NAME = AccentColor;
				CODE_SIGN_STYLE = Automatic;
				CURRENT_PROJECT_VERSION = 1;
				DEVELOPMENT_TEAM = 22PRLCDTWD;
				ENABLE_PREVIEWS = YES;
				GENERATE_INFOPLIST_FILE = YES;
				INFOPLIST_FILE = WRKD/Info.plist;
				INFOPLIST_KEY_UIApplicationSceneManifest_Generation = YES;
				INFOPLIST_KEY_UIApplicationSupportsIndirectInputEvents = YES;
				INFOPLIST_KEY_UILaunchScreen_Generation = YES;
				INFOPLIST_KEY_UISupportedInterfaceOrientations_iPad = "UIInterfaceOrientationPortrait UIInterfaceOrientationPortraitUpsideDown UIInterfaceOrientationLandscapeLeft UIInterfaceOrientationLandscapeRight";
				INFOPLIST_KEY_UISupportedInterfaceOrientations_iPhone = "UIInterfaceOrientationPortrait UIInterfaceOrientationLandscapeLeft UIInterfaceOrientationLandscapeRight";
				LD_RUNPATH_SEARCH_PATHS = (
					"$(inherited)",
					"@executable_path/Frameworks",
				);
				MARKETING_VERSION = 1.0;
				PRODUCT_BUNDLE_IDENTIFIER = com.davaughnwilliams.WRKD;
				PRODUCT_NAME = "$(TARGET_NAME)";
				STRING_CATALOG_GENERATE_SYMBOLS = YES;
				SWIFT_APPROACHABLE_CONCURRENCY = YES;
				SWIFT_DEFAULT_ACTOR_ISOLATION = MainActor;
				SWIFT_EMIT_LOC_STRINGS = YES;
				SWIFT_UPCOMING_FEATURE_MEMBER_IMPORT_VISIBILITY = YES;
				SWIFT_VERSION = 5.0;
				TARGETED_DEVICE_FAMILY = "1,2";
			};
			name = Debug;
		};
		1E462AF52EA6C4950034EF78 /* Release */ = {
			isa = XCBuildConfiguration;
			buildSettings = {
				ASSETCATALOG_COMPILER_APPICON_NAME = AppIcon;
				ASSETCATALOG_COMPILER_GLOBAL_ACCENT_COLOR_NAME = AccentColor;
				CODE_SIGN_STYLE = Automatic;
				CURRENT_PROJECT_VERSION = 1;
				DEVELOPMENT_TEAM = 22PRLCDTWD;
				ENABLE_PREVIEWS = YES;
				GENERATE_INFOPLIST_FILE = YES;
				INFOPLIST_FILE = WRKD/Info.plist;
				INFOPLIST_KEY_UIApplicationSceneManifest_Generation = YES;
				INFOPLIST_KEY_UIApplicationSupportsIndirectInputEvents = YES;
				INFOPLIST_KEY_UILaunchScreen_Generation = YES;
				INFOPLIST_KEY_UISupportedInterfaceOrientations_iPad = "UIInterfaceOrientationPortrait UIInterfaceOrientationPortraitUpsideDown UIInterfaceOrientationLandscapeLeft UIInterfaceOrientationLandscapeRight";
				INFOPLIST_KEY_UISupportedInterfaceOrientations_iPhone = "UIInterfaceOrientationPortrait UIInterfaceOrientationLandscapeLeft UIInterfaceOrientationLandscapeRight";
				LD_RUNPATH_SEARCH_PATHS = (
					"$(inherited)",
					"@executable_path/Frameworks",
				);
				MARKETING_VERSION = 1.0;
				PRODUCT_BUNDLE_IDENTIFIER = com.davaughnwilliams.WRKD;
				PRODUCT_NAME = "$(TARGET_NAME)";
				STRING_CATALOG_GENERATE_SYMBOLS = YES;
				SWIFT_APPROACHABLE_CONCURRENCY = YES;
				SWIFT_DEFAULT_ACTOR_ISOLATION = MainActor;
				SWIFT_EMIT_LOC_STRINGS = YES;
				SWIFT_UPCOMING_FEATURE_MEMBER_IMPORT_VISIBILITY = YES;
				SWIFT_VERSION = 5.0;
				TARGETED_DEVICE_FAMILY = "1,2";
			};
			name = Release;
		};
		1E462AF72EA6C4950034EF78 /* Debug */ = {
			isa = XCBuildConfiguration;
			buildSettings = {
				BUNDLE_LOADER = "$(TEST_HOST)";
				CODE_SIGN_STYLE = Automatic;
				CURRENT_PROJECT_VERSION = 1;
				DEVELOPMENT_TEAM = 22PRLCDTWD;
				GENERATE_INFOPLIST_FILE = YES;
				IPHONEOS_DEPLOYMENT_TARGET = 26.0;
				MARKETING_VERSION = 1.0;
				PRODUCT_BUNDLE_IDENTIFIER = com.davaughnwilliams.WRKDTests;
				PRODUCT_NAME = "$(TARGET_NAME)";
				STRING_CATALOG_GENERATE_SYMBOLS = NO;
				SWIFT_APPROACHABLE_CONCURRENCY = YES;
				SWIFT_EMIT_LOC_STRINGS = NO;
				SWIFT_UPCOMING_FEATURE_MEMBER_IMPORT_VISIBILITY = YES;
				SWIFT_VERSION = 5.0;
				TARGETED_DEVICE_FAMILY = "1,2";
				TEST_HOST = "$(BUILT_PRODUCTS_DIR)/WRKD.app/$(BUNDLE_EXECUTABLE_FOLDER_PATH)/WRKD";
			};
			name = Debug;
		};
		1E462AF82EA6C4950034EF78 /* Release */ = {
			isa = XCBuildConfiguration;
			buildSettings = {
				BUNDLE_LOADER = "$(TEST_HOST)";
				CODE_SIGN_STYLE = Automatic;
				CURRENT_PROJECT_VERSION = 1;
				DEVELOPMENT_TEAM = 22PRLCDTWD;
				GENERATE_INFOPLIST_FILE = YES;
				IPHONEOS_DEPLOYMENT_TARGET = 26.0;
				MARKETING_VERSION = 1.0;
				PRODUCT_BUNDLE_IDENTIFIER = com.davaughnwilliams.WRKDTests;
				PRODUCT_NAME = "$(TARGET_NAME)";
				STRING_CATALOG_GENERATE_SYMBOLS = NO;
				SWIFT_APPROACHABLE_CONCURRENCY = YES;
				SWIFT_EMIT_LOC_STRINGS = NO;
				SWIFT_UPCOMING_FEATURE_MEMBER_IMPORT_VISIBILITY = YES;
				SWIFT_VERSION = 5.0;
				TARGETED_DEVICE_FAMILY = "1,2";
				TEST_HOST = "$(BUILT_PRODUCTS_DIR)/WRKD.app/$(BUNDLE_EXECUTABLE_FOLDER_PATH)/WRKD";
			};
			name = Release;
		};
		1E462AFA2EA6C4950034EF78 /* Debug */ = {
			isa = XCBuildConfiguration;
			buildSettings = {
				CODE_SIGN_STYLE = Automatic;
				CURRENT_PROJECT_VERSION = 1;
				DEVELOPMENT_TEAM = 22PRLCDTWD;
				GENERATE_INFOPLIST_FILE = YES;
				MARKETING_VERSION = 1.0;
				PRODUCT_BUNDLE_IDENTIFIER = com.davaughnwilliams.WRKDUITests;
				PRODUCT_NAME = "$(TARGET_NAME)";
				STRING_CATALOG_GENERATE_SYMBOLS = NO;
				SWIFT_APPROACHABLE_CONCURRENCY = YES;
				SWIFT_EMIT_LOC_STRINGS = NO;
				SWIFT_UPCOMING_FEATURE_MEMBER_IMPORT_VISIBILITY = YES;
				SWIFT_VERSION = 5.0;
				TARGETED_DEVICE_FAMILY = "1,2";
				TEST_TARGET_NAME = WRKD;
			};
			name = Debug;
		};
		1E462AFB2EA6C4950034EF78 /* Release */ = {
			isa = XCBuildConfiguration;
			buildSettings = {
				CODE_SIGN_STYLE = Automatic;
				CURRENT_PROJECT_VERSION = 1;
				DEVELOPMENT_TEAM = 22PRLCDTWD;
				GENERATE_INFOPLIST_FILE = YES;
				MARKETING_VERSION = 1.0;
				PRODUCT_BUNDLE_IDENTIFIER = com.davaughnwilliams.WRKDUITests;
				PRODUCT_NAME = "$(TARGET_NAME)";
				STRING_CATALOG_GENERATE_SYMBOLS = NO;
				SWIFT_APPROACHABLE_CONCURRENCY = YES;
				SWIFT_EMIT_LOC_STRINGS = NO;
				SWIFT_UPCOMING_FEATURE_MEMBER_IMPORT_VISIBILITY = YES;
				SWIFT_VERSION = 5.0;
				TARGETED_DEVICE_FAMILY = "1,2";
				TEST_TARGET_NAME = WRKD;
			};
			name = Release;
		};
/* End XCBuildConfiguration section */

/* Begin XCConfigurationList section */
		1E462ACD2EA6C4930034EF78 /* Build configuration list for PBXProject "WRKD" */ = {
			isa = XCConfigurationList;
			buildConfigurations = (
				1E462AF12EA6C4950034EF78 /* Debug */,
				1E462AF22EA6C4950034EF78 /* Release */,
			);
			defaultConfigurationIsVisible = 0;
			defaultConfigurationName = Release;
		};
		1E462AF32EA6C4950034EF78 /* Build configuration list for PBXNativeTarget "WRKD" */ = {
			isa = XCConfigurationList;
			buildConfigurations = (
				1E462AF42EA6C4950034EF78 /* Debug */,
				1E462AF52EA6C4950034EF78 /* Release */,
			);
			defaultConfigurationIsVisible = 0;
			defaultConfigurationName = Release;
		};
		1E462AF62EA6C4950034EF78 /* Build configuration list for PBXNativeTarget "WRKDTests" */ = {
			isa = XCConfigurationList;
			buildConfigurations = (
				1E462AF72EA6C4950034EF78 /* Debug */,
				1E462AF82EA6C4950034EF78 /* Release */,
			);
			defaultConfigurationIsVisible = 0;
			defaultConfigurationName = Release;
		};
		1E462AF92EA6C4950034EF78 /* Build configuration list for PBXNativeTarget "WRKDUITests" */ = {
			isa = XCConfigurationList;
			buildConfigurations = (
				1E462AFA2EA6C4950034EF78 /* Debug */,
				1E462AFB2EA6C4950034EF78 /* Release */,
			);
			defaultConfigurationIsVisible = 0;
			defaultConfigurationName = Release;
		};
/* End XCConfigurationList section */

/* Begin XCRemoteSwiftPackageReference section */
		1E4388732EB176C400C41E81 /* XCRemoteSwiftPackageReference "SwiftSoup" */ = {
			isa = XCRemoteSwiftPackageReference;
			repositoryURL = "https://github.com/scinfu/SwiftSoup";
			requirement = {
				kind = upToNextMajorVersion;
				minimumVersion = 2.11.1;
			};
		};
		1E4388762EB2BE0D00C41E81 /* XCRemoteSwiftPackageReference "SVGKit" */ = {
			isa = XCRemoteSwiftPackageReference;
			repositoryURL = "https://github.com/SVGKit/SVGKit.git";
			requirement = {
				kind = upToNextMajorVersion;
				minimumVersion = 3.0.0;
			};
		};
/* End XCRemoteSwiftPackageReference section */

/* Begin XCSwiftPackageProductDependency section */
		1E4388742EB176C400C41E81 /* SwiftSoup */ = {
			isa = XCSwiftPackageProductDependency;
			package = 1E4388732EB176C400C41E81 /* XCRemoteSwiftPackageReference "SwiftSoup" */;
			productName = SwiftSoup;
		};
		1E4388772EB2BE0D00C41E81 /* SVGKit */ = {
			isa = XCSwiftPackageProductDependency;
			package = 1E4388762EB2BE0D00C41E81 /* XCRemoteSwiftPackageReference "SVGKit" */;
			productName = SVGKit;
		};
		1E4388792EB2BE0D00C41E81 /* SVGKitSwift */ = {
			isa = XCSwiftPackageProductDependency;
			package = 1E4388762EB2BE0D00C41E81 /* XCRemoteSwiftPackageReference "SVGKit" */;
			productName = SVGKitSwift;
		};
/* End XCSwiftPackageProductDependency section */
	};
	rootObject = 1E462ACA2EA6C4930034EF78 /* Project object */;
}
